// !$*UTF8*$!
{
	archiveVersion = 1;
	classes = {
	};
	objectVersion = 46;
	objects = {

/* Begin PBXBuildFile section */
		2CB1F65F168FAC1800293F79 /* GameController.m in Sources */ = {isa = PBXBuildFile; fileRef = 2CB1F65E168FAC1800293F79 /* GameController.m */; };
		4800691D168DD7B000250AB8 /* UIKit.framework in Frameworks */ = {isa = PBXBuildFile; fileRef = 4800691C168DD7B000250AB8 /* UIKit.framework */; };
		4800691F168DD7B000250AB8 /* Foundation.framework in Frameworks */ = {isa = PBXBuildFile; fileRef = 4800691E168DD7B000250AB8 /* Foundation.framework */; };
		48006921168DD7B000250AB8 /* CoreGraphics.framework in Frameworks */ = {isa = PBXBuildFile; fileRef = 48006920168DD7B000250AB8 /* CoreGraphics.framework */; };
		48006927168DD7B000250AB8 /* InfoPlist.strings in Resources */ = {isa = PBXBuildFile; fileRef = 48006925168DD7B000250AB8 /* InfoPlist.strings */; };
		48006929168DD7B000250AB8 /* main.m in Sources */ = {isa = PBXBuildFile; fileRef = 48006928168DD7B000250AB8 /* main.m */; };
		4800692D168DD7B000250AB8 /* AppDelegate.m in Sources */ = {isa = PBXBuildFile; fileRef = 4800692C168DD7B000250AB8 /* AppDelegate.m */; };
		4800692F168DD7B000250AB8 /* Default.png in Resources */ = {isa = PBXBuildFile; fileRef = 4800692E168DD7B000250AB8 /* Default.png */; };
		48006931168DD7B000250AB8 /* Default@2x.png in Resources */ = {isa = PBXBuildFile; fileRef = 48006930168DD7B000250AB8 /* Default@2x.png */; };
		48006933168DD7B000250AB8 /* Default-568h@2x.png in Resources */ = {isa = PBXBuildFile; fileRef = 48006932168DD7B000250AB8 /* Default-568h@2x.png */; };
		48006939168DD7B000250AB8 /* ViewController.m in Sources */ = {isa = PBXBuildFile; fileRef = 48006938168DD7B000250AB8 /* ViewController.m */; };
		48006940168DDC3000250AB8 /* Background.png in Resources */ = {isa = PBXBuildFile; fileRef = 4800693F168DDC3000250AB8 /* Background.png */; };
		48006943168DDCB000250AB8 /* AnswerBox.png in Resources */ = {isa = PBXBuildFile; fileRef = 48006941168DDCB000250AB8 /* AnswerBox.png */; };
		48006944168DDCB000250AB8 /* QuestionBox.png in Resources */ = {isa = PBXBuildFile; fileRef = 48006942168DDCB000250AB8 /* QuestionBox.png */; };
		48006957168F42E400250AB8 /* TransparentAnswerBox.png in Resources */ = {isa = PBXBuildFile; fileRef = 48006956168F42E400250AB8 /* TransparentAnswerBox.png */; };
		484861F216E01A3300C9520C /* TimesTableTab.png in Resources */ = {isa = PBXBuildFile; fileRef = 484861F116E01A3300C9520C /* TimesTableTab.png */; };
		4848623D16E0EFD400C9520C /* MediaPlayer.framework in Frameworks */ = {isa = PBXBuildFile; fileRef = 4848623C16E0EFD400C9520C /* MediaPlayer.framework */; };
		4848624016E0F96900C9520C /* StarStroke.png in Resources */ = {isa = PBXBuildFile; fileRef = 4848623F16E0F96900C9520C /* StarStroke.png */; };
		48CC5CB716C6F38900D169EE /* TableSelectController.m in Sources */ = {isa = PBXBuildFile; fileRef = 48CC5CB616C6F38900D169EE /* TableSelectController.m */; };
		48CC5CBD16C7055B00D169EE /* MainStoryboard.storyboard in Resources */ = {isa = PBXBuildFile; fileRef = 48CC5CBB16C7055B00D169EE /* MainStoryboard.storyboard */; };
		48CC5CBF16C70C1D00D169EE /* logo.png in Resources */ = {isa = PBXBuildFile; fileRef = 48CC5CBE16C70C1D00D169EE /* logo.png */; };
		48D69C7416E2495600F9AB50 /* 2 Times Table.mp4 in Resources */ = {isa = PBXBuildFile; fileRef = 48D69C7316E2495600F9AB50 /* 2 Times Table.mp4 */; };
		48F001CA16E016AB00885E55 /* Star Final.png in Resources */ = {isa = PBXBuildFile; fileRef = 48F001C916E016AB00885E55 /* Star Final.png */; };
		48F001CD16E016E900885E55 /* Play.png in Resources */ = {isa = PBXBuildFile; fileRef = 48F001CB16E016E900885E55 /* Play.png */; };
		48F001CE16E016E900885E55 /* Learn.png in Resources */ = {isa = PBXBuildFile; fileRef = 48F001CC16E016E900885E55 /* Learn.png */; };
		48F001D116E0172F00885E55 /* back icon2.png in Resources */ = {isa = PBXBuildFile; fileRef = 48F001CF16E0172F00885E55 /* back icon2.png */; };
		48F001D216E0172F00885E55 /* back icon.png in Resources */ = {isa = PBXBuildFile; fileRef = 48F001D016E0172F00885E55 /* back icon.png */; };
		48F001D416E0174200885E55 /* Splash Page - No Buttons.png in Resources */ = {isa = PBXBuildFile; fileRef = 48F001D316E0174200885E55 /* Splash Page - No Buttons.png */; };
/* End PBXBuildFile section */

/* Begin PBXFileReference section */
		2CB1F65D168FAC1800293F79 /* GameController.h */ = {isa = PBXFileReference; fileEncoding = 4; lastKnownFileType = sourcecode.c.h; path = GameController.h; sourceTree = "<group>"; };
		2CB1F65E168FAC1800293F79 /* GameController.m */ = {isa = PBXFileReference; fileEncoding = 4; lastKnownFileType = sourcecode.c.objc; path = GameController.m; sourceTree = "<group>"; };
		48006918168DD7B000250AB8 /* Appacus - Tom.app */ = {isa = PBXFileReference; explicitFileType = wrapper.application; includeInIndex = 0; path = "Appacus - Tom.app"; sourceTree = BUILT_PRODUCTS_DIR; };
		4800691C168DD7B000250AB8 /* UIKit.framework */ = {isa = PBXFileReference; lastKnownFileType = wrapper.framework; name = UIKit.framework; path = System/Library/Frameworks/UIKit.framework; sourceTree = SDKROOT; };
		4800691E168DD7B000250AB8 /* Foundation.framework */ = {isa = PBXFileReference; lastKnownFileType = wrapper.framework; name = Foundation.framework; path = System/Library/Frameworks/Foundation.framework; sourceTree = SDKROOT; };
		48006920168DD7B000250AB8 /* CoreGraphics.framework */ = {isa = PBXFileReference; lastKnownFileType = wrapper.framework; name = CoreGraphics.framework; path = System/Library/Frameworks/CoreGraphics.framework; sourceTree = SDKROOT; };
		48006924168DD7B000250AB8 /* Appacus - Tom-Info.plist */ = {isa = PBXFileReference; lastKnownFileType = text.plist.xml; path = "Appacus - Tom-Info.plist"; sourceTree = "<group>"; };
		48006926168DD7B000250AB8 /* en */ = {isa = PBXFileReference; lastKnownFileType = text.plist.strings; name = en; path = en.lproj/InfoPlist.strings; sourceTree = "<group>"; };
		48006928168DD7B000250AB8 /* main.m */ = {isa = PBXFileReference; lastKnownFileType = sourcecode.c.objc; path = main.m; sourceTree = "<group>"; };
		4800692A168DD7B000250AB8 /* Appacus - Tom-Prefix.pch */ = {isa = PBXFileReference; lastKnownFileType = sourcecode.c.h; path = "Appacus - Tom-Prefix.pch"; sourceTree = "<group>"; };
		4800692B168DD7B000250AB8 /* AppDelegate.h */ = {isa = PBXFileReference; lastKnownFileType = sourcecode.c.h; path = AppDelegate.h; sourceTree = "<group>"; };
		4800692C168DD7B000250AB8 /* AppDelegate.m */ = {isa = PBXFileReference; lastKnownFileType = sourcecode.c.objc; path = AppDelegate.m; sourceTree = "<group>"; };
		4800692E168DD7B000250AB8 /* Default.png */ = {isa = PBXFileReference; lastKnownFileType = image.png; path = Default.png; sourceTree = "<group>"; };
		48006930168DD7B000250AB8 /* Default@2x.png */ = {isa = PBXFileReference; lastKnownFileType = image.png; path = "Default@2x.png"; sourceTree = "<group>"; };
		48006932168DD7B000250AB8 /* Default-568h@2x.png */ = {isa = PBXFileReference; lastKnownFileType = image.png; path = "Default-568h@2x.png"; sourceTree = "<group>"; };
		48006937168DD7B000250AB8 /* ViewController.h */ = {isa = PBXFileReference; lastKnownFileType = sourcecode.c.h; path = ViewController.h; sourceTree = "<group>"; };
		48006938168DD7B000250AB8 /* ViewController.m */ = {isa = PBXFileReference; lastKnownFileType = sourcecode.c.objc; path = ViewController.m; sourceTree = "<group>"; };
		4800693F168DDC3000250AB8 /* Background.png */ = {isa = PBXFileReference; lastKnownFileType = image.png; path = Background.png; sourceTree = "<group>"; };
		48006941168DDCB000250AB8 /* AnswerBox.png */ = {isa = PBXFileReference; lastKnownFileType = image.png; path = AnswerBox.png; sourceTree = "<group>"; };
		48006942168DDCB000250AB8 /* QuestionBox.png */ = {isa = PBXFileReference; lastKnownFileType = image.png; path = QuestionBox.png; sourceTree = "<group>"; };
		48006956168F42E400250AB8 /* TransparentAnswerBox.png */ = {isa = PBXFileReference; lastKnownFileType = image.png; path = TransparentAnswerBox.png; sourceTree = "<group>"; };
		484861F116E01A3300C9520C /* TimesTableTab.png */ = {isa = PBXFileReference; lastKnownFileType = image.png; path = TimesTableTab.png; sourceTree = "<group>"; };
		4848623C16E0EFD400C9520C /* MediaPlayer.framework */ = {isa = PBXFileReference; lastKnownFileType = wrapper.framework; name = MediaPlayer.framework; path = System/Library/Frameworks/MediaPlayer.framework; sourceTree = SDKROOT; };
		4848623F16E0F96900C9520C /* StarStroke.png */ = {isa = PBXFileReference; lastKnownFileType = image.png; name = StarStroke.png; path = ../../Design/StarStroke.png; sourceTree = "<group>"; };
		48CC5CB516C6F38900D169EE /* TableSelectController.h */ = {isa = PBXFileReference; fileEncoding = 4; lastKnownFileType = sourcecode.c.h; path = TableSelectController.h; sourceTree = "<group>"; };
		48CC5CB616C6F38900D169EE /* TableSelectController.m */ = {isa = PBXFileReference; fileEncoding = 4; lastKnownFileType = sourcecode.c.objc; path = TableSelectController.m; sourceTree = "<group>"; };
		48CC5CBC16C7055B00D169EE /* en */ = {isa = PBXFileReference; lastKnownFileType = file.storyboard; name = en; path = en.lproj/MainStoryboard.storyboard; sourceTree = "<group>"; };
		48CC5CBE16C70C1D00D169EE /* logo.png */ = {isa = PBXFileReference; lastKnownFileType = image.png; path = logo.png; sourceTree = "<group>"; };
		48D69C7316E2495600F9AB50 /* 2 Times Table.mp4 */ = {isa = PBXFileReference; lastKnownFileType = file; path = "2 Times Table.mp4"; sourceTree = "<group>"; };
		48F001C916E016AB00885E55 /* Star Final.png */ = {isa = PBXFileReference; lastKnownFileType = image.png; path = "Star Final.png"; sourceTree = "<group>"; };
		48F001CB16E016E900885E55 /* Play.png */ = {isa = PBXFileReference; lastKnownFileType = image.png; path = Play.png; sourceTree = "<group>"; };
		48F001CC16E016E900885E55 /* Learn.png */ = {isa = PBXFileReference; lastKnownFileType = image.png; path = Learn.png; sourceTree = "<group>"; };
		48F001CF16E0172F00885E55 /* back icon2.png */ = {isa = PBXFileReference; lastKnownFileType = image.png; path = "back icon2.png"; sourceTree = "<group>"; };
		48F001D016E0172F00885E55 /* back icon.png */ = {isa = PBXFileReference; lastKnownFileType = image.png; path = "back icon.png"; sourceTree = "<group>"; };
		48F001D316E0174200885E55 /* Splash Page - No Buttons.png */ = {isa = PBXFileReference; lastKnownFileType = image.png; path = "Splash Page - No Buttons.png"; sourceTree = "<group>"; };
/* End PBXFileReference section */

/* Begin PBXFrameworksBuildPhase section */
		48006915168DD7B000250AB8 /* Frameworks */ = {
			isa = PBXFrameworksBuildPhase;
			buildActionMask = 2147483647;
			files = (
				4800691D168DD7B000250AB8 /* UIKit.framework in Frameworks */,
				4800691F168DD7B000250AB8 /* Foundation.framework in Frameworks */,
				48006921168DD7B000250AB8 /* CoreGraphics.framework in Frameworks */,
				4848623D16E0EFD400C9520C /* MediaPlayer.framework in Frameworks */,
			);
			runOnlyForDeploymentPostprocessing = 0;
		};
/* End PBXFrameworksBuildPhase section */

/* Begin PBXGroup section */
		4800690D168DD7B000250AB8 = {
			isa = PBXGroup;
			children = (
				48006922168DD7B000250AB8 /* Appacus - Tom */,
				4800691B168DD7B000250AB8 /* Frameworks */,
				48006919168DD7B000250AB8 /* Products */,
			);
			sourceTree = "<group>";
		};
		48006919168DD7B000250AB8 /* Products */ = {
			isa = PBXGroup;
			children = (
				48006918168DD7B000250AB8 /* Appacus - Tom.app */,
			);
			name = Products;
			sourceTree = "<group>";
		};
		4800691B168DD7B000250AB8 /* Frameworks */ = {
			isa = PBXGroup;
			children = (
				4848623C16E0EFD400C9520C /* MediaPlayer.framework */,
				4800691C168DD7B000250AB8 /* UIKit.framework */,
				4800691E168DD7B000250AB8 /* Foundation.framework */,
				48006920168DD7B000250AB8 /* CoreGraphics.framework */,
			);
			name = Frameworks;
			sourceTree = "<group>";
		};
		48006922168DD7B000250AB8 /* Appacus - Tom */ = {
			isa = PBXGroup;
			children = (
				48CC5CBB16C7055B00D169EE /* MainStoryboard.storyboard */,
				4800692B168DD7B000250AB8 /* AppDelegate.h */,
				4800692C168DD7B000250AB8 /* AppDelegate.m */,
				2CB1F65D168FAC1800293F79 /* GameController.h */,
				2CB1F65E168FAC1800293F79 /* GameController.m */,
				48006937168DD7B000250AB8 /* ViewController.h */,
				48006938168DD7B000250AB8 /* ViewController.m */,
				48006923168DD7B000250AB8 /* Supporting Files */,
				48CC5CB516C6F38900D169EE /* TableSelectController.h */,
				48CC5CB616C6F38900D169EE /* TableSelectController.m */,
			);
			path = "Appacus - Tom";
			sourceTree = "<group>";
		};
		48006923168DD7B000250AB8 /* Supporting Files */ = {
			isa = PBXGroup;
			children = (
				48D69C7316E2495600F9AB50 /* 2 Times Table.mp4 */,
				4848623F16E0F96900C9520C /* StarStroke.png */,
				484861F116E01A3300C9520C /* TimesTableTab.png */,
				48F001D316E0174200885E55 /* Splash Page - No Buttons.png */,
				48F001CF16E0172F00885E55 /* back icon2.png */,
				48F001D016E0172F00885E55 /* back icon.png */,
				48F001CB16E016E900885E55 /* Play.png */,
				48F001CC16E016E900885E55 /* Learn.png */,
				48F001C916E016AB00885E55 /* Star Final.png */,
				4800693F168DDC3000250AB8 /* Background.png */,
				48006956168F42E400250AB8 /* TransparentAnswerBox.png */,
				48CC5CBE16C70C1D00D169EE /* logo.png */,
				48006941168DDCB000250AB8 /* AnswerBox.png */,
				48006942168DDCB000250AB8 /* QuestionBox.png */,
				48006924168DD7B000250AB8 /* Appacus - Tom-Info.plist */,
				48006925168DD7B000250AB8 /* InfoPlist.strings */,
				48006928168DD7B000250AB8 /* main.m */,
				4800692A168DD7B000250AB8 /* Appacus - Tom-Prefix.pch */,
				4800692E168DD7B000250AB8 /* Default.png */,
				48006930168DD7B000250AB8 /* Default@2x.png */,
				48006932168DD7B000250AB8 /* Default-568h@2x.png */,
			);
			name = "Supporting Files";
			sourceTree = "<group>";
		};
/* End PBXGroup section */

/* Begin PBXNativeTarget section */
		48006917168DD7B000250AB8 /* Appacus - Tom */ = {
			isa = PBXNativeTarget;
			buildConfigurationList = 4800693C168DD7B000250AB8 /* Build configuration list for PBXNativeTarget "Appacus - Tom" */;
			buildPhases = (
				48006914168DD7B000250AB8 /* Sources */,
				48006915168DD7B000250AB8 /* Frameworks */,
				48006916168DD7B000250AB8 /* Resources */,
			);
			buildRules = (
			);
			dependencies = (
			);
			name = "Appacus - Tom";
			productName = "Appacus - Tom";
			productReference = 48006918168DD7B000250AB8 /* Appacus - Tom.app */;
			productType = "com.apple.product-type.application";
		};
/* End PBXNativeTarget section */

/* Begin PBXProject section */
		4800690F168DD7B000250AB8 /* Project object */ = {
			isa = PBXProject;
			attributes = {
				LastUpgradeCheck = 0450;
				ORGANIZATIONNAME = "Matthew Nieuwenhuys";
			};
			buildConfigurationList = 48006912168DD7B000250AB8 /* Build configuration list for PBXProject "Appacus - Tom" */;
			compatibilityVersion = "Xcode 3.2";
			developmentRegion = English;
			hasScannedForEncodings = 0;
			knownRegions = (
				en,
			);
			mainGroup = 4800690D168DD7B000250AB8;
			productRefGroup = 48006919168DD7B000250AB8 /* Products */;
			projectDirPath = "";
			projectRoot = "";
			targets = (
				48006917168DD7B000250AB8 /* Appacus - Tom */,
			);
		};
/* End PBXProject section */

/* Begin PBXResourcesBuildPhase section */
		48006916168DD7B000250AB8 /* Resources */ = {
			isa = PBXResourcesBuildPhase;
			buildActionMask = 2147483647;
			files = (
				48006927168DD7B000250AB8 /* InfoPlist.strings in Resources */,
				4800692F168DD7B000250AB8 /* Default.png in Resources */,
				48006931168DD7B000250AB8 /* Default@2x.png in Resources */,
				48006933168DD7B000250AB8 /* Default-568h@2x.png in Resources */,
				48006940168DDC3000250AB8 /* Background.png in Resources */,
				48006943168DDCB000250AB8 /* AnswerBox.png in Resources */,
				48006944168DDCB000250AB8 /* QuestionBox.png in Resources */,
				48006957168F42E400250AB8 /* TransparentAnswerBox.png in Resources */,
				48CC5CBD16C7055B00D169EE /* MainStoryboard.storyboard in Resources */,
				48CC5CBF16C70C1D00D169EE /* logo.png in Resources */,
				48F001CA16E016AB00885E55 /* Star Final.png in Resources */,
				48F001CD16E016E900885E55 /* Play.png in Resources */,
				48F001CE16E016E900885E55 /* Learn.png in Resources */,
				48F001D116E0172F00885E55 /* back icon2.png in Resources */,
				48F001D216E0172F00885E55 /* back icon.png in Resources */,
				48F001D416E0174200885E55 /* Splash Page - No Buttons.png in Resources */,
				484861F216E01A3300C9520C /* TimesTableTab.png in Resources */,
				4848624016E0F96900C9520C /* StarStroke.png in Resources */,
				48D69C7416E2495600F9AB50 /* 2 Times Table.mp4 in Resources */,
			);
			runOnlyForDeploymentPostprocessing = 0;
		};
/* End PBXResourcesBuildPhase section */

/* Begin PBXSourcesBuildPhase section */
		48006914168DD7B000250AB8 /* Sources */ = {
			isa = PBXSourcesBuildPhase;
			buildActionMask = 2147483647;
			files = (
				48006929168DD7B000250AB8 /* main.m in Sources */,
				4800692D168DD7B000250AB8 /* AppDelegate.m in Sources */,
				48006939168DD7B000250AB8 /* ViewController.m in Sources */,
				2CB1F65F168FAC1800293F79 /* GameController.m in Sources */,
				48CC5CB716C6F38900D169EE /* TableSelectController.m in Sources */,
			);
			runOnlyForDeploymentPostprocessing = 0;
		};
/* End PBXSourcesBuildPhase section */

/* Begin PBXVariantGroup section */
		48006925168DD7B000250AB8 /* InfoPlist.strings */ = {
			isa = PBXVariantGroup;
			children = (
				48006926168DD7B000250AB8 /* en */,
			);
			name = InfoPlist.strings;
			sourceTree = "<group>";
		};
		48CC5CBB16C7055B00D169EE /* MainStoryboard.storyboard */ = {
			isa = PBXVariantGroup;
			children = (
				48CC5CBC16C7055B00D169EE /* en */,
			);
			name = MainStoryboard.storyboard;
			sourceTree = "<group>";
		};
/* End PBXVariantGroup section */

/* Begin XCBuildConfiguration section */
		4800693A168DD7B000250AB8 /* Debug */ = {
			isa = XCBuildConfiguration;
			buildSettings = {
				ALWAYS_SEARCH_USER_PATHS = NO;
				CLANG_CXX_LANGUAGE_STANDARD = "gnu++0x";
				CLANG_CXX_LIBRARY = "libc++";
				CLANG_ENABLE_OBJC_ARC = YES;
				CLANG_WARN_EMPTY_BODY = YES;
				CLANG_WARN__DUPLICATE_METHOD_MATCH = YES;
				"CODE_SIGN_IDENTITY[sdk=iphoneos*]" = "iPhone Developer";
				COPY_PHASE_STRIP = NO;
				GCC_C_LANGUAGE_STANDARD = gnu99;
				GCC_DYNAMIC_NO_PIC = NO;
				GCC_OPTIMIZATION_LEVEL = 0;
				GCC_PREPROCESSOR_DEFINITIONS = (
					"DEBUG=1",
					"$(inherited)",
				);
				GCC_SYMBOLS_PRIVATE_EXTERN = NO;
				GCC_WARN_ABOUT_RETURN_TYPE = YES;
				GCC_WARN_UNINITIALIZED_AUTOS = YES;
				GCC_WARN_UNUSED_VARIABLE = YES;
				IPHONEOS_DEPLOYMENT_TARGET = 6.0;
				ONLY_ACTIVE_ARCH = YES;
				SDKROOT = iphoneos;
				TARGETED_DEVICE_FAMILY = 2;
			};
			name = Debug;
		};
		4800693B168DD7B000250AB8 /* Release */ = {
			isa = XCBuildConfiguration;
			buildSettings = {
				ALWAYS_SEARCH_USER_PATHS = NO;
				CLANG_CXX_LANGUAGE_STANDARD = "gnu++0x";
				CLANG_CXX_LIBRARY = "libc++";
				CLANG_ENABLE_OBJC_ARC = YES;
				CLANG_WARN_EMPTY_BODY = YES;
				CLANG_WARN__DUPLICATE_METHOD_MATCH = YES;
				"CODE_SIGN_IDENTITY[sdk=iphoneos*]" = "iPhone Developer";
				COPY_PHASE_STRIP = YES;
				GCC_C_LANGUAGE_STANDARD = gnu99;
				GCC_WARN_ABOUT_RETURN_TYPE = YES;
				GCC_WARN_UNINITIALIZED_AUTOS = YES;
				GCC_WARN_UNUSED_VARIABLE = YES;
				IPHONEOS_DEPLOYMENT_TARGET = 6.0;
				OTHER_CFLAGS = "-DNS_BLOCK_ASSERTIONS=1";
				SDKROOT = iphoneos;
				TARGETED_DEVICE_FAMILY = 2;
				VALIDATE_PRODUCT = YES;
			};
			name = Release;
		};
		4800693D168DD7B000250AB8 /* Debug */ = {
			isa = XCBuildConfiguration;
			buildSettings = {
				FRAMEWORK_SEARCH_PATHS = "";
				GCC_PRECOMPILE_PREFIX_HEADER = YES;
				GCC_PREFIX_HEADER = "Appacus - Tom/Appacus - Tom-Prefix.pch";
				INFOPLIST_FILE = "Appacus - Tom/Appacus - Tom-Info.plist";
				PRODUCT_NAME = "$(TARGET_NAME)";
				WRAPPER_EXTENSION = app;
			};
			name = Debug;
		};
		4800693E168DD7B000250AB8 /* Release */ = {
			isa = XCBuildConfiguration;
			buildSettings = {
				FRAMEWORK_SEARCH_PATHS = "";
				GCC_PRECOMPILE_PREFIX_HEADER = YES;
				GCC_PREFIX_HEADER = "Appacus - Tom/Appacus - Tom-Prefix.pch";
				INFOPLIST_FILE = "Appacus - Tom/Appacus - Tom-Info.plist";
				PRODUCT_NAME = "$(TARGET_NAME)";
				WRAPPER_EXTENSION = app;
			};
			name = Release;
		};
/* End XCBuildConfiguration section */

/* Begin XCConfigurationList section */
		48006912168DD7B000250AB8 /* Build configuration list for PBXProject "Appacus - Tom" */ = {
			isa = XCConfigurationList;
			buildConfigurations = (
				4800693A168DD7B000250AB8 /* Debug */,
				4800693B168DD7B000250AB8 /* Release */,
			);
			defaultConfigurationIsVisible = 0;
			defaultConfigurationName = Release;
		};
		4800693C168DD7B000250AB8 /* Build configuration list for PBXNativeTarget "Appacus - Tom" */ = {
			isa = XCConfigurationList;
			buildConfigurations = (
				4800693D168DD7B000250AB8 /* Debug */,
				4800693E168DD7B000250AB8 /* Release */,
			);
			defaultConfigurationIsVisible = 0;
			defaultConfigurationName = Release;
		};
/* End XCConfigurationList section */
	};
	rootObject = 4800690F168DD7B000250AB8 /* Project object */;
}
